uuid: 4b38612c-a511-4ae5-8a9a-f6a113271168
langcode: en
status: true
dependencies:
  content:
    - 'block_content:basic_block:0f10e79c-3bf5-412e-8a2e-b8652b085d14'
  module:
    - block_content
  theme:
    - nipolicingboard_theme
id: twitterblock
theme: nipolicingboard_theme
region: top_third
weight: 0
provider: null
plugin: 'block_content:0f10e79c-3bf5-412e-8a2e-b8652b085d14'
settings:
  id: 'block_content:0f10e79c-3bf5-412e-8a2e-b8652b085d14'
  label: Twitter
  provider: block_content
  label_display: visible
  status: true
  info: ''
  view_mode: full
visibility: {  }
