uuid: bbb6c1aa-d97f-470a-9f5a-bab722ae25a3
langcode: en
status: true
dependencies:
  config:
    - views.view.latest_news
  module:
    - system
    - views
  theme:
    - cscsreviewni_theme
id: views_block__latest_news_latest_news_home_block
theme: cscsreviewni_theme
region: top_second
weight: -5
provider: null
plugin: 'views_block:latest_news-latest_news_home_block'
settings:
  id: 'views_block:latest_news-latest_news_home_block'
  label: 'Latest news'
  provider: views
  label_display: visible
  views_label: 'Latest news'
  items_per_page: none
visibility:
  request_path:
    id: request_path
    pages: '<front>'
    negate: false
