uuid: 01863cdb-5a81-4525-a0c3-18c15bf93f46
langcode: en
status: true
dependencies:
  module:
    - block_visibility_groups
    - system
    - unity_search_pages
  theme:
    - investnireview_theme
id: sitesearchblock
theme: investnireview_theme
region: search
weight: 0
provider: null
plugin: site_search_block
settings:
  id: site_search_block
  label: 'Site search block'
  label_display: '0'
  provider: unity_search_pages
visibility:
  condition_group:
    id: condition_group
    negate: false
    block_visibility_group: ''
  request_path:
    id: request_path
    negate: true
    pages: /search
