uuid: 531e3d75-eddd-4df0-ba89-541304105426
langcode: en
status: true
dependencies:
  module:
    - system
    - unity_search_pages
  theme:
    - niauditoffice_theme
id: sitesearchblock
theme: niauditoffice_theme
region: search
weight: 0
provider: null
plugin: site_search_block
settings:
  id: site_search_block
  label: 'Site search block'
  label_display: '0'
  provider: unity_search_pages
visibility:
  request_path:
    id: request_path
    negate: true
    pages: '/search*'
